[[package]]
name = "certifi"
version = "2020.12.5"
description = "Python package for providing Mozilla's CA Bundle."
category = "main"
optional = false
python-versions = "*"

[[package]]
name = "chardet"
version = "3.0.4"
description = "Universal encoding detector for Python 2 and 3"
category = "main"
optional = false
python-versions = "*"

[[package]]
name = "docutils"
version = "0.16"
description = "Docutils -- Python Documentation Utilities"
category = "main"
optional = false
python-versions = ">=2.7, !=3.0.*, !=3.1.*, !=3.2.*, !=3.3.*, !=3.4.*"

[[package]]
name = "idna"
version = "2.10"
description = "Internationalized Domain Names in Applications (IDNA)"
category = "main"
optional = false
python-versions = ">=2.7, !=3.0.*, !=3.1.*, !=3.2.*, !=3.3.*"

[[package]]
name = "jinja2"
version = "2.11.2"
description = "A very fast and expressive template engine."
category = "main"
optional = false
python-versions = ">=2.7, !=3.0.*, !=3.1.*, !=3.2.*, !=3.3.*, !=3.4.*"

[package.dependencies]
MarkupSafe = ">=0.23"

[package.extras]
i18n = ["Babel (>=0.8)"]

[[package]]
name = "kivy"
version = "2.0.0rc4"
description = "A software library for rapid development of hardware-accelerated multitouch applications."
category = "main"
optional = false
python-versions = "*"

[package.dependencies]
docutils = "*"
"kivy-deps.angle" = {version = ">=0.3.0,<0.4.0", markers = "sys_platform == \"win32\""}
"kivy-deps.glew" = {version = ">=0.3.0,<0.4.0", markers = "sys_platform == \"win32\""}
"kivy-deps.sdl2" = {version = ">=0.3.1,<0.4.0", markers = "sys_platform == \"win32\""}
Kivy-Garden = ">=0.1.4"
pygments = "*"
pypiwin32 = {version = "*", markers = "sys_platform == \"win32\""}

[package.extras]
base = ["pillow", "docutils", "pygments", "kivy-deps.angle (>=0.3.0,<0.4.0)", "kivy-deps.sdl2 (>=0.3.1,<0.4.0)", "kivy-deps.glew (>=0.3.0,<0.4.0)", "pypiwin32"]
dev = ["pytest (>=3.6)", "pytest-cov", "pytest-asyncio (!=0.11.0)", "pytest-timeout", "pyinstaller", "sphinx", "sphinxcontrib-blockdiag", "sphinxcontrib-seqdiag", "sphinxcontrib-actdiag", "sphinxcontrib-nwdiag", "flake8"]
full = ["pillow", "docutils", "pygments", "kivy-deps.gstreamer (>=0.3.1,<0.4.0)", "kivy-deps.angle (>=0.3.0,<0.4.0)", "kivy-deps.sdl2 (>=0.3.1,<0.4.0)", "kivy-deps.glew (>=0.3.0,<0.4.0)", "pypiwin32"]
tuio = ["oscpy"]

[[package]]
name = "kivy-deps.angle"
version = "0.3.0"
description = "Repackaged binary dependency of Kivy."
category = "main"
optional = false
python-versions = "*"

[[package]]
name = "kivy-deps.glew"
version = "0.3.0"
description = "Repackaged binary dependency of Kivy."
category = "main"
optional = false
python-versions = "*"

[[package]]
name = "kivy-deps.sdl2"
version = "0.3.1"
description = "Repackaged binary dependency of Kivy."
category = "main"
optional = false
python-versions = "*"

[[package]]
name = "kivy-garden"
version = "0.1.4"
description = "Garden tool for kivy flowers."
category = "main"
optional = false
python-versions = "*"

[package.dependencies]
requests = "*"

[[package]]
name = "markupsafe"
version = "1.1.1"
description = "Safely add untrusted strings to HTML/XML markup."
category = "main"
optional = false
python-versions = ">=2.7,!=3.0.*,!=3.1.*,!=3.2.*,!=3.3.*"

[[package]]
name = "pygments"
version = "2.7.3"
description = "Pygments is a syntax highlighting package written in Python."
category = "main"
optional = false
python-versions = ">=3.5"

[[package]]
name = "pypiwin32"
version = "223"
description = ""
category = "main"
optional = false
python-versions = "*"

[package.dependencies]
pywin32 = ">=223"

[[package]]
name = "pywin32"
version = "300"
description = "Python for Window Extensions"
category = "main"
optional = false
python-versions = "*"

[[package]]
name = "requests"
version = "2.25.0"
description = "Python HTTP for Humans."
category = "main"
optional = false
python-versions = ">=2.7, !=3.0.*, !=3.1.*, !=3.2.*, !=3.3.*, !=3.4.*"

[package.dependencies]
certifi = ">=2017.4.17"
chardet = ">=3.0.2,<4"
idna = ">=2.5,<3"
urllib3 = ">=1.21.1,<1.27"

[package.extras]
security = ["pyOpenSSL (>=0.14)", "cryptography (>=1.3.4)"]
socks = ["PySocks (>=1.5.6,!=1.5.7)", "win-inet-pton"]

[[package]]
name = "urllib3"
version = "1.26.2"
description = "HTTP library with thread-safe connection pooling, file post, and more."
category = "main"
optional = false
python-versions = ">=2.7, !=3.0.*, !=3.1.*, !=3.2.*, !=3.3.*, !=3.4.*, <4"

[package.extras]
brotli = ["brotlipy (>=0.6.0)"]
secure = ["pyOpenSSL (>=0.14)", "cryptography (>=1.3.4)", "idna (>=2.0.0)", "certifi", "ipaddress"]
socks = ["PySocks (>=1.5.6,!=1.5.7,<2.0)"]

[metadata]
lock-version = "1.1"
python-versions = "^3.8"
content-hash = "e26a1ebff278508b6d7a75dd202704c81df3df48bb2f844633fd1d6abec972d8"

[metadata.files]
certifi = [
    {file = "certifi-2020.12.5-py2.py3-none-any.whl", hash = "sha256:719a74fb9e33b9bd44cc7f3a8d94bc35e4049deebe19ba7d8e108280cfd59830"},
    {file = "certifi-2020.12.5.tar.gz", hash = "sha256:1a4995114262bffbc2413b159f2a1a480c969de6e6eb13ee966d470af86af59c"},
]
chardet = [
    {file = "chardet-3.0.4-py2.py3-none-any.whl", hash = "sha256:fc323ffcaeaed0e0a02bf4d117757b98aed530d9ed4531e3e15460124c106691"},
    {file = "chardet-3.0.4.tar.gz", hash = "sha256:84ab92ed1c4d4f16916e05906b6b75a6c0fb5db821cc65e70cbd64a3e2a5eaae"},
]
docutils = [
    {file = "docutils-0.16-py2.py3-none-any.whl", hash = "sha256:0c5b78adfbf7762415433f5515cd5c9e762339e23369dbe8000d84a4bf4ab3af"},
    {file = "docutils-0.16.tar.gz", hash = "sha256:c2de3a60e9e7d07be26b7f2b00ca0309c207e06c100f9cc2a94931fc75a478fc"},
]
idna = [
    {file = "idna-2.10-py2.py3-none-any.whl", hash = "sha256:b97d804b1e9b523befed77c48dacec60e6dcb0b5391d57af6a65a312a90648c0"},
    {file = "idna-2.10.tar.gz", hash = "sha256:b307872f855b18632ce0c21c5e45be78c0ea7ae4c15c828c20788b26921eb3f6"},
]
jinja2 = [
    {file = "Jinja2-2.11.2-py2.py3-none-any.whl", hash = "sha256:f0a4641d3cf955324a89c04f3d94663aa4d638abe8f733ecd3582848e1c37035"},
    {file = "Jinja2-2.11.2.tar.gz", hash = "sha256:89aab215427ef59c34ad58735269eb58b1a5808103067f7bb9d5836c651b3bb0"},
]
kivy = [
    {file = "Kivy-2.0.0rc4-cp36-cp36m-macosx_10_14_x86_64.macosx_10_9_intel.macosx_10_9_x86_64.macosx_10_10_intel.macosx_10_10_x86_64.whl", hash = "sha256:a135eaa09e89184d034fc211c2590832b96f69a24d78859b9c16e217d7e318aa"},
    {file = "Kivy-2.0.0rc4-cp36-cp36m-manylinux2010_x86_64.whl", hash = "sha256:f1c4eb7db105d8424bcb7e7646c7b57c34714bc7b28d0acbf83f0bc76b6fb9eb"},
    {file = "Kivy-2.0.0rc4-cp36-cp36m-win32.whl", hash = "sha256:49d2928fdb3521b9c72e591e0adc2f24b505d29a0363d6ed4ca48bddd018c261"},
    {file = "Kivy-2.0.0rc4-cp36-cp36m-win_amd64.whl", hash = "sha256:a652b39061059db20a25080b4019f4bdda4f2a042b19145e80fdd70bf9245446"},
    {file = "Kivy-2.0.0rc4-cp37-cp37m-macosx_10_14_x86_64.macosx_10_9_intel.macosx_10_9_x86_64.macosx_10_10_intel.macosx_10_10_x86_64.whl", hash = "sha256:36b82601b072c127439b2067da0fc51cd71ea32f32252a1fe65f6f18bb474cbe"},
    {file = "Kivy-2.0.0rc4-cp37-cp37m-manylinux2010_x86_64.whl", hash = "sha256:c95c90f2ed50b4d106258e218d091b2ef5333129507d2aafc4c0d06b26465c30"},
    {file = "Kivy-2.0.0rc4-cp37-cp37m-win32.whl", hash = "sha256:1ae60cdef1d59e82b06ed58f7e94f3f22c9116d24fab583972259042e9e16a48"},
    {file = "Kivy-2.0.0rc4-cp37-cp37m-win_amd64.whl", hash = "sha256:404755dee71394aa0560fe9d2ad19ef09ed23446dd3e1d6f2e8d9213d98de219"},
    {file = "Kivy-2.0.0rc4-cp38-cp38-macosx_10_14_x86_64.macosx_10_9_intel.macosx_10_9_x86_64.macosx_10_10_intel.macosx_10_10_x86_64.whl", hash = "sha256:2f97fa088e5e06c7d2599f9da5f1f0e6deaf619395365af9ba4d59ca7e6d4de1"},
    {file = "Kivy-2.0.0rc4-cp38-cp38-manylinux2010_x86_64.whl", hash = "sha256:bf66f246a683d2930da1511ca935f1da50ad458c4fe4621f533a44b88b1b4c17"},
    {file = "Kivy-2.0.0rc4-cp38-cp38-win32.whl", hash = "sha256:1bc1779279a8285dd272c1a4e28e7ffd6bee2a2b9af0f78a1d18c2e337e95220"},
    {file = "Kivy-2.0.0rc4-cp38-cp38-win_amd64.whl", hash = "sha256:f5f81727f0ebca5bfce9300fb4baba8e95fb1e054823096c539fbb9bf50ff52f"},
    {file = "Kivy-2.0.0rc4-cp39-cp39-macosx_10_14_x86_64.macosx_10_9_intel.macosx_10_9_x86_64.macosx_10_10_intel.macosx_10_10_x86_64.whl", hash = "sha256:26f1f1797ea51cb9365d21e125a9531220bffce7b700c77a4e1ca6d7f602d373"},
    {file = "Kivy-2.0.0rc4-cp39-cp39-manylinux2010_x86_64.whl", hash = "sha256:d2970b7db776372e9a9f5c83fd2cba14b32e005a3f17393369cf1fd033b016f7"},
    {file = "Kivy-2.0.0rc4-cp39-cp39-win32.whl", hash = "sha256:a424bd723a4a1e5371ddfae05321e45c8eabac2047411fce14cc5fa3da588a0f"},
    {file = "Kivy-2.0.0rc4-cp39-cp39-win_amd64.whl", hash = "sha256:506ec7e1c7e21d9dca554ba9abbc9dec56796486c5ff755864eb2fc5869c5800"},
    {file = "Kivy-2.0.0rc4.tar.gz", hash = "sha256:16c3a5a3de6f0610733ee271bb29817cbd261f5f3f049d821230bf7cb59b29d0"},
]
"kivy-deps.angle" = [
    {file = "kivy_deps.angle-0.3.0-cp36-cp36m-win32.whl", hash = "sha256:a2cea09e8a5e899629466403fbd540459f1cdef8d08c6c479b6607b95309be02"},
    {file = "kivy_deps.angle-0.3.0-cp36-cp36m-win_amd64.whl", hash = "sha256:b167e19b3eea55a9a8c606a607bb909ec1bedda88deee40347c780b310155a79"},
    {file = "kivy_deps.angle-0.3.0-cp37-cp37m-win32.whl", hash = "sha256:d0e7b7b9eb9669837a5d70808a7ea45f2b61961b56f9f69a233bad6bd36ce260"},
    {file = "kivy_deps.angle-0.3.0-cp37-cp37m-win_amd64.whl", hash = "sha256:b9d07976b0bf6bac724a42aa8ed5a8c7caa95609046db30c8f15bb731f8e4d36"},
    {file = "kivy_deps.angle-0.3.0-cp38-cp38-win32.whl", hash = "sha256:99c40d53582a958748e251dfbd61aa67fb85963e27529ca08a21f2f5eeed04e1"},
    {file = "kivy_deps.angle-0.3.0-cp38-cp38-win_amd64.whl", hash = "sha256:50605fdd4c9fdbe9f717069734a598a9aba0afe5d3f0412afbe2ecff0326e92d"},
    {file = "kivy_deps.angle-0.3.0-cp39-cp39-win32.whl", hash = "sha256:64ac7f33c000585dc30194e604aed925972c6b7c3848b5c3b073ae916fb0b55c"},
    {file = "kivy_deps.angle-0.3.0-cp39-cp39-win_amd64.whl", hash = "sha256:bb4d53f15a093214adbbe205c108ede5cc0f6af6eff104c1b8c468ddaaf6400a"},
]
"kivy-deps.glew" = [
    {file = "kivy_deps.glew-0.3.0-cp36-cp36m-win32.whl", hash = "sha256:5a63e3dd0affef2613410fe5b9b8572f1932ae2285db60071446d62f37961825"},
    {file = "kivy_deps.glew-0.3.0-cp36-cp36m-win_amd64.whl", hash = "sha256:28aa195875a767314b12091842bdcf832401077f9e65dd9975059ddb978f2f75"},
    {file = "kivy_deps.glew-0.3.0-cp37-cp37m-win32.whl", hash = "sha256:6c941f321fa8fd34083054f74b9a810bc2a1f3e2560e4fa3df31995c9971f94a"},
    {file = "kivy_deps.glew-0.3.0-cp37-cp37m-win_amd64.whl", hash = "sha256:f836e249970b2e1fc0a0d1bd3716892165ee5180214c071c0f804a934c363396"},
    {file = "kivy_deps.glew-0.3.0-cp38-cp38-win32.whl", hash = "sha256:4166c62999ed8a68036540bf154e25cc92ec1563fe78111926238f59b44a9af3"},
    {file = "kivy_deps.glew-0.3.0-cp38-cp38-win_amd64.whl", hash = "sha256:3e6f3376ea65b3ced19f07c63f831aa8d3028fac6970d01b400b031fbb8bbe4d"},
    {file = "kivy_deps.glew-0.3.0-cp39-cp39-win32.whl", hash = "sha256:a79cc62489b1fc8dbe62aab7482865c670e1e781ec9b3f0d93f5bc87423af435"},
    {file = "kivy_deps.glew-0.3.0-cp39-cp39-win_amd64.whl", hash = "sha256:a57fece21c313c90c0f51a0c2b3e172a2f807bee867e0e5fad1cc014213a3543"},
]
"kivy-deps.sdl2" = [
    {file = "kivy_deps.sdl2-0.3.1-cp36-cp36m-win32.whl", hash = "sha256:549e6423f55216bc761a11ec91508eb6fe836ffb984c7a3c7a58b7543d8f8f77"},
    {file = "kivy_deps.sdl2-0.3.1-cp36-cp36m-win_amd64.whl", hash = "sha256:560de04f15f59e8e94955442b72d1a1164989d3d502b5a9d132437a4c229e52f"},
    {file = "kivy_deps.sdl2-0.3.1-cp37-cp37m-win32.whl", hash = "sha256:a7cee2215eb428b0be34c1da0fad806036b1382804c0e4ef62b19b11320c8462"},
    {file = "kivy_deps.sdl2-0.3.1-cp37-cp37m-win_amd64.whl", hash = "sha256:3e37948c010681e3f58c408940e62106226a2b1e5a2bf7764469cfd683025698"},
    {file = "kivy_deps.sdl2-0.3.1-cp38-cp38-win32.whl", hash = "sha256:e9ad50f2f469c8bd92720f547ab722cc36ef13c1a25ef78154b6ab90d48bd960"},
    {file = "kivy_deps.sdl2-0.3.1-cp38-cp38-win_amd64.whl", hash = "sha256:984e7fa9e1fe06fd902bb745e986300b65e00ba0eb4ecfe278f52a1915370cd0"},
    {file = "kivy_deps.sdl2-0.3.1-cp39-cp39-win32.whl", hash = "sha256:50726d6aeba460be1a9bd944ff0e763e58e122ef04b82ccbd03947ae7585cde4"},
    {file = "kivy_deps.sdl2-0.3.1-cp39-cp39-win_amd64.whl", hash = "sha256:4a5550410e2649b72984d294fb45564bc8d76fc0bef009406d8cb328d994855c"},
]
kivy-garden = [
    {file = "Kivy Garden-0.1.4.tar.gz", hash = "sha256:9b7d9de5efacbcd0c4b3dd873b30622a86093c9965aa47b523c7a32f3eb34610"},
    {file = "kivy-garden-0.1.4.tar.gz", hash = "sha256:c256f42788421273a08fbb0a228f0fb0e80dd86b629fb8c0920507f645be6c72"},
]
markupsafe = [
    {file = "MarkupSafe-1.1.1-cp27-cp27m-macosx_10_6_intel.whl", hash = "sha256:09027a7803a62ca78792ad89403b1b7a73a01c8cb65909cd876f7fcebd79b161"},
    {file = "MarkupSafe-1.1.1-cp27-cp27m-manylinux1_i686.whl", hash = "sha256:e249096428b3ae81b08327a63a485ad0878de3fb939049038579ac0ef61e17e7"},
    {file = "MarkupSafe-1.1.1-cp27-cp27m-manylinux1_x86_64.whl", hash = "sha256:500d4957e52ddc3351cabf489e79c91c17f6e0899158447047588650b5e69183"},
    {file = "MarkupSafe-1.1.1-cp27-cp27m-win32.whl", hash = "sha256:b2051432115498d3562c084a49bba65d97cf251f5a331c64a12ee7e04dacc51b"},
    {file = "MarkupSafe-1.1.1-cp27-cp27m-win_amd64.whl", hash = "sha256:98c7086708b163d425c67c7a91bad6e466bb99d797aa64f965e9d25c12111a5e"},
    {file = "MarkupSafe-1.1.1-cp27-cp27mu-manylinux1_i686.whl", hash = "sha256:cd5df75523866410809ca100dc9681e301e3c27567cf498077e8551b6d20e42f"},
    {file = "MarkupSafe-1.1.1-cp27-cp27mu-manylinux1_x86_64.whl", hash = "sha256:43a55c2930bbc139570ac2452adf3d70cdbb3cfe5912c71cdce1c2c6bbd9c5d1"},
    {file = "MarkupSafe-1.1.1-cp34-cp34m-macosx_10_6_intel.whl", hash = "sha256:1027c282dad077d0bae18be6794e6b6b8c91d58ed8a8d89a89d59693b9131db5"},
    {file = "MarkupSafe-1.1.1-cp34-cp34m-manylinux1_i686.whl", hash = "sha256:62fe6c95e3ec8a7fad637b7f3d372c15ec1caa01ab47926cfdf7a75b40e0eac1"},
    {file = "MarkupSafe-1.1.1-cp34-cp34m-manylinux1_x86_64.whl", hash = "sha256:88e5fcfb52ee7b911e8bb6d6aa2fd21fbecc674eadd44118a9cc3863f938e735"},
    {file = "MarkupSafe-1.1.1-cp34-cp34m-win32.whl", hash = "sha256:ade5e387d2ad0d7ebf59146cc00c8044acbd863725f887353a10df825fc8ae21"},
    {file = "MarkupSafe-1.1.1-cp34-cp34m-win_amd64.whl", hash = "sha256:09c4b7f37d6c648cb13f9230d847adf22f8171b1ccc4d5682398e77f40309235"},
    {file = "MarkupSafe-1.1.1-cp35-cp35m-macosx_10_6_intel.whl", hash = "sha256:79855e1c5b8da654cf486b830bd42c06e8780cea587384cf6545b7d9ac013a0b"},
    {file = "MarkupSafe-1.1.1-cp35-cp35m-manylinux1_i686.whl", hash = "sha256:c8716a48d94b06bb3b2524c2b77e055fb313aeb4ea620c8dd03a105574ba704f"},
    {file = "MarkupSafe-1.1.1-cp35-cp35m-manylinux1_x86_64.whl", hash = "sha256:7c1699dfe0cf8ff607dbdcc1e9b9af1755371f92a68f706051cc8c37d447c905"},
    {file = "MarkupSafe-1.1.1-cp35-cp35m-win32.whl", hash = "sha256:6dd73240d2af64df90aa7c4e7481e23825ea70af4b4922f8ede5b9e35f78a3b1"},
    {file = "MarkupSafe-1.1.1-cp35-cp35m-win_amd64.whl", hash = "sha256:9add70b36c5666a2ed02b43b335fe19002ee5235efd4b8a89bfcf9005bebac0d"},
    {file = "MarkupSafe-1.1.1-cp36-cp36m-macosx_10_6_intel.whl", hash = "sha256:24982cc2533820871eba85ba648cd53d8623687ff11cbb805be4ff7b4c971aff"},
    {file = "MarkupSafe-1.1.1-cp36-cp36m-manylinux1_i686.whl", hash = "sha256:00bc623926325b26bb9605ae9eae8a215691f33cae5df11ca5424f06f2d1f473"},
    {file = "MarkupSafe-1.1.1-cp36-cp36m-manylinux1_x86_64.whl", hash = "sha256:717ba8fe3ae9cc0006d7c451f0bb265ee07739daf76355d06366154ee68d221e"},
    {file = "MarkupSafe-1.1.1-cp36-cp36m-win32.whl", hash = "sha256:535f6fc4d397c1563d08b88e485c3496cf5784e927af890fb3c3aac7f933ec66"},
    {file = "MarkupSafe-1.1.1-cp36-cp36m-win_amd64.whl", hash = "sha256:b1282f8c00509d99fef04d8ba936b156d419be841854fe901d8ae224c59f0be5"},
    {file = "MarkupSafe-1.1.1-cp37-cp37m-macosx_10_6_intel.whl", hash = "sha256:8defac2f2ccd6805ebf65f5eeb132adcf2ab57aa11fdf4c0dd5169a004710e7d"},
    {file = "MarkupSafe-1.1.1-cp37-cp37m-manylinux1_i686.whl", hash = "sha256:46c99d2de99945ec5cb54f23c8cd5689f6d7177305ebff350a58ce5f8de1669e"},
    {file = "MarkupSafe-1.1.1-cp37-cp37m-manylinux1_x86_64.whl", hash = "sha256:ba59edeaa2fc6114428f1637ffff42da1e311e29382d81b339c1817d37ec93c6"},
    {file = "MarkupSafe-1.1.1-cp37-cp37m-win32.whl", hash = "sha256:b00c1de48212e4cc9603895652c5c410df699856a2853135b3967591e4beebc2"},
    {file = "MarkupSafe-1.1.1-cp37-cp37m-win_amd64.whl", hash = "sha256:9bf40443012702a1d2070043cb6291650a0841ece432556f784f004937f0f32c"},
    {file = "MarkupSafe-1.1.1-cp38-cp38-macosx_10_9_x86_64.whl", hash = "sha256:6788b695d50a51edb699cb55e35487e430fa21f1ed838122d722e0ff0ac5ba15"},
    {file = "MarkupSafe-1.1.1-cp38-cp38-manylinux1_i686.whl", hash = "sha256:cdb132fc825c38e1aeec2c8aa9338310d29d337bebbd7baa06889d09a60a1fa2"},
    {file = "MarkupSafe-1.1.1-cp38-cp38-manylinux1_x86_64.whl", hash = "sha256:13d3144e1e340870b25e7b10b98d779608c02016d5184cfb9927a9f10c689f42"},
    {file = "MarkupSafe-1.1.1-cp38-cp38-win32.whl", hash = "sha256:596510de112c685489095da617b5bcbbac7dd6384aeebeda4df6025d0256a81b"},
    {file = "MarkupSafe-1.1.1-cp38-cp38-win_amd64.whl", hash = "sha256:e8313f01ba26fbbe36c7be1966a7b7424942f670f38e666995b88d012765b9be"},
    {file = "MarkupSafe-1.1.1.tar.gz", hash = "sha256:29872e92839765e546828bb7754a68c418d927cd064fd4708fab9fe9c8bb116b"},
]
pygments = [
    {file = "Pygments-2.7.3-py3-none-any.whl", hash = "sha256:f275b6c0909e5dafd2d6269a656aa90fa58ebf4a74f8fcf9053195d226b24a08"},
    {file = "Pygments-2.7.3.tar.gz", hash = "sha256:ccf3acacf3782cbed4a989426012f1c535c9a90d3a7fc3f16d231b9372d2b716"},
]
pypiwin32 = [
    {file = "pypiwin32-223-py3-none-any.whl", hash = "sha256:67adf399debc1d5d14dffc1ab5acacb800da569754fafdc576b2a039485aa775"},
    {file = "pypiwin32-223.tar.gz", hash = "sha256:71be40c1fbd28594214ecaecb58e7aa8b708eabfa0125c8a109ebd51edbd776a"},
]
pywin32 = [
    {file = "pywin32-300-cp35-cp35m-win32.whl", hash = "sha256:1c204a81daed2089e55d11eefa4826c05e604d27fe2be40b6bf8db7b6a39da63"},
    {file = "pywin32-300-cp35-cp35m-win_amd64.whl", hash = "sha256:350c5644775736351b77ba68da09a39c760d75d2467ecec37bd3c36a94fbed64"},
    {file = "pywin32-300-cp36-cp36m-win32.whl", hash = "sha256:a3b4c48c852d4107e8a8ec980b76c94ce596ea66d60f7a697582ea9dce7e0db7"},
    {file = "pywin32-300-cp36-cp36m-win_amd64.whl", hash = "sha256:27a30b887afbf05a9cbb05e3ffd43104a9b71ce292f64a635389dbad0ed1cd85"},
    {file = "pywin32-300-cp37-cp37m-win32.whl", hash = "sha256:d7e8c7efc221f10d6400c19c32a031add1c4a58733298c09216f57b4fde110dc"},
    {file = "pywin32-300-cp37-cp37m-win_amd64.whl", hash = "sha256:8151e4d7a19262d6694162d6da85d99a16f8b908949797fd99c83a0bfaf5807d"},
    {file = "pywin32-300-cp38-cp38-win32.whl", hash = "sha256:fbb3b1b0fbd0b4fc2a3d1d81fe0783e30062c1abed1d17c32b7879d55858cfae"},
    {file = "pywin32-300-cp38-cp38-win_amd64.whl", hash = "sha256:60a8fa361091b2eea27f15718f8eb7f9297e8d51b54dbc4f55f3d238093d5190"},
    {file = "pywin32-300-cp39-cp39-win32.whl", hash = "sha256:638b68eea5cfc8def537e43e9554747f8dee786b090e47ead94bfdafdb0f2f50"},
    {file = "pywin32-300-cp39-cp39-win_amd64.whl", hash = "sha256:b1609ce9bd5c411b81f941b246d683d6508992093203d4eb7f278f4ed1085c3f"},
]
requests = [
    {file = "requests-2.25.0-py2.py3-none-any.whl", hash = "sha256:e786fa28d8c9154e6a4de5d46a1d921b8749f8b74e28bde23768e5e16eece998"},
    {file = "requests-2.25.0.tar.gz", hash = "sha256:7f1a0b932f4a60a1a65caa4263921bb7d9ee911957e0ae4a23a6dd08185ad5f8"},
]
urllib3 = [
    {file = "urllib3-1.26.2-py2.py3-none-any.whl", hash = "sha256:d8ff90d979214d7b4f8ce956e80f4028fc6860e4431f731ea4a8c08f23f99473"},
    {file = "urllib3-1.26.2.tar.gz", hash = "sha256:19188f96923873c92ccb987120ec4acaa12f0461fa9ce5d3d0772bc965a39e08"},
]
